
Microsoft Visual Studio Solution File, Format Version 12.00
# Visual Studio 14
VisualStudioVersion = 14.0.25420.1
MinimumVisualStudioVersion = 10.0.40219.1
Project("{FAE04EC0-301F-11D3-BF4B-00C04F79EFBC}") = "CommandLineParser.App", "CommandLineParser.App\CommandLineParser.App.csproj", "{25CFD090-5239-41B4-ACDE-9BD44435F83B}"
EndProject
Project("{FAE04EC0-301F-11D3-BF4B-00C04F79EFBC}") = "CommandLineParser.BusinessLogic", "CommandLineParser.BusinessLogic\CommandLineParser.BusinessLogic.csproj", "{9CE07385-90DB-48A7-8678-B5672344D0AE}"
EndProject
Project("{FAE04EC0-301F-11D3-BF4B-00C04F79EFBC}") = "CommandLineParser.UnitTests", "CommandLineParser.UnitTests\CommandLineParser.UnitTests.csproj", "{18953142-D079-4812-ABC8-93356A0F5B73}"
EndProject
Global
	GlobalSection(SolutionConfigurationPlatforms) = preSolution
		Debug|Any CPU = Debug|Any CPU
		Release|Any CPU = Release|Any CPU
	EndGlobalSection
	GlobalSection(ProjectConfigurationPlatforms) = postSolution
		{25CFD090-5239-41B4-ACDE-9BD44435F83B}.Debug|Any CPU.ActiveCfg = Debug|Any CPU
		{25CFD090-5239-41B4-ACDE-9BD44435F83B}.Debug|Any CPU.Build.0 = Debug|Any CPU
		{25CFD090-5239-41B4-ACDE-9BD44435F83B}.Release|Any CPU.ActiveCfg = Release|Any CPU
		{25CFD090-5239-41B4-ACDE-9BD44435F83B}.Release|Any CPU.Build.0 = Release|Any CPU
		{9CE07385-90DB-48A7-8678-B5672344D0AE}.Debug|Any CPU.ActiveCfg = Debug|Any CPU
		{9CE07385-90DB-48A7-8678-B5672344D0AE}.Debug|Any CPU.Build.0 = Debug|Any CPU
		{9CE07385-90DB-48A7-8678-B5672344D0AE}.Release|Any CPU.ActiveCfg = Release|Any CPU
		{9CE07385-90DB-48A7-8678-B5672344D0AE}.Release|Any CPU.Build.0 = Release|Any CPU
		{18953142-D079-4812-ABC8-93356A0F5B73}.Debug|Any CPU.ActiveCfg = Debug|Any CPU
		{18953142-D079-4812-ABC8-93356A0F5B73}.Debug|Any CPU.Build.0 = Debug|Any CPU
		{18953142-D079-4812-ABC8-93356A0F5B73}.Release|Any CPU.ActiveCfg = Release|Any CPU
		{18953142-D079-4812-ABC8-93356A0F5B73}.Release|Any CPU.Build.0 = Release|Any CPU
	EndGlobalSection
	GlobalSection(SolutionProperties) = preSolution
		HideSolutionNode = FALSE
	EndGlobalSection
EndGlobal
